// !$*UTF8*$!
{
	archiveVersion = 1;
	classes = {
	};
	objectVersion = 50;
	objects = {

/* Begin PBXBuildFile section */
		02A7757A22FC4469000CB7CE /* AppDelegate.swift in Sources */ = {isa = PBXBuildFile; fileRef = 02A7757922FC4469000CB7CE /* AppDelegate.swift */; };
		02A7757C22FC4469000CB7CE /* ConversationsViewController.swift in Sources */ = {isa = PBXBuildFile; fileRef = 02A7757B22FC4469000CB7CE /* ConversationsViewController.swift */; };
		02A7757F22FC4469000CB7CE /* Main.storyboard in Resources */ = {isa = PBXBuildFile; fileRef = 02A7757D22FC4469000CB7CE /* Main.storyboard */; };
		02A7758122FC446A000CB7CE /* Assets.xcassets in Resources */ = {isa = PBXBuildFile; fileRef = 02A7758022FC446A000CB7CE /* Assets.xcassets */; };
		02A7758422FC446A000CB7CE /* LaunchScreen.storyboard in Resources */ = {isa = PBXBuildFile; fileRef = 02A7758222FC446A000CB7CE /* LaunchScreen.storyboard */; };
		02A7758F22FC446A000CB7CE /* MessagingPOCTests.swift in Sources */ = {isa = PBXBuildFile; fileRef = 02A7758E22FC446A000CB7CE /* MessagingPOCTests.swift */; };
		02A7759A22FC446A000CB7CE /* MessagingPOCUITests.swift in Sources */ = {isa = PBXBuildFile; fileRef = 02A7759922FC446A000CB7CE /* MessagingPOCUITests.swift */; };
		02A775AA22FC44AA000CB7CE /* ConversationViewController.swift in Sources */ = {isa = PBXBuildFile; fileRef = 02A775A922FC44AA000CB7CE /* ConversationViewController.swift */; };
		02A775AC22FC4ACD000CB7CE /* GoogleService-Info.plist in Resources */ = {isa = PBXBuildFile; fileRef = 02A775AB22FC4ACD000CB7CE /* GoogleService-Info.plist */; };
		02A775AF22FCAE73000CB7CE /* Collection+SafeIndex.swift in Sources */ = {isa = PBXBuildFile; fileRef = 02A775AE22FCAE73000CB7CE /* Collection+SafeIndex.swift */; };
		02A775B122FCB0DC000CB7CE /* UIViewController+Storyboard.swift in Sources */ = {isa = PBXBuildFile; fileRef = 02A775B022FCB0DC000CB7CE /* UIViewController+Storyboard.swift */; };
		CF23C00F80B81958B4C3E1D0 /* Pods_MessagingPOCTests.framework in Frameworks */ = {isa = PBXBuildFile; fileRef = 7D88D96110AC5802B4197315 /* Pods_MessagingPOCTests.framework */; };
		FA364E07A050E508ABA60808 /* Pods_MessagingPOC.framework in Frameworks */ = {isa = PBXBuildFile; fileRef = E332243A0CADF71F98FBCF0C /* Pods_MessagingPOC.framework */; };
/* End PBXBuildFile section */

/* Begin PBXContainerItemProxy section */
		02A7758B22FC446A000CB7CE /* PBXContainerItemProxy */ = {
			isa = PBXContainerItemProxy;
			containerPortal = 02A7756E22FC4469000CB7CE /* Project object */;
			proxyType = 1;
			remoteGlobalIDString = 02A7757522FC4469000CB7CE;
			remoteInfo = MessagingPOC;
		};
		02A7759622FC446A000CB7CE /* PBXContainerItemProxy */ = {
			isa = PBXContainerItemProxy;
			containerPortal = 02A7756E22FC4469000CB7CE /* Project object */;
			proxyType = 1;
			remoteGlobalIDString = 02A7757522FC4469000CB7CE;
			remoteInfo = MessagingPOC;
		};
/* End PBXContainerItemProxy section */

/* Begin PBXFileReference section */
		02A7757622FC4469000CB7CE /* MessagingPOC.app */ = {isa = PBXFileReference; explicitFileType = wrapper.application; includeInIndex = 0; path = MessagingPOC.app; sourceTree = BUILT_PRODUCTS_DIR; };
		02A7757922FC4469000CB7CE /* AppDelegate.swift */ = {isa = PBXFileReference; lastKnownFileType = sourcecode.swift; path = AppDelegate.swift; sourceTree = "<group>"; };
		02A7757B22FC4469000CB7CE /* ConversationsViewController.swift */ = {isa = PBXFileReference; lastKnownFileType = sourcecode.swift; path = ConversationsViewController.swift; sourceTree = "<group>"; };
		02A7757E22FC4469000CB7CE /* Base */ = {isa = PBXFileReference; lastKnownFileType = file.storyboard; name = Base; path = Base.lproj/Main.storyboard; sourceTree = "<group>"; };
		02A7758022FC446A000CB7CE /* Assets.xcassets */ = {isa = PBXFileReference; lastKnownFileType = folder.assetcatalog; path = Assets.xcassets; sourceTree = "<group>"; };
		02A7758322FC446A000CB7CE /* Base */ = {isa = PBXFileReference; lastKnownFileType = file.storyboard; name = Base; path = Base.lproj/LaunchScreen.storyboard; sourceTree = "<group>"; };
		02A7758522FC446A000CB7CE /* Info.plist */ = {isa = PBXFileReference; lastKnownFileType = text.plist.xml; path = Info.plist; sourceTree = "<group>"; };
		02A7758A22FC446A000CB7CE /* MessagingPOCTests.xctest */ = {isa = PBXFileReference; explicitFileType = wrapper.cfbundle; includeInIndex = 0; path = MessagingPOCTests.xctest; sourceTree = BUILT_PRODUCTS_DIR; };
		02A7758E22FC446A000CB7CE /* MessagingPOCTests.swift */ = {isa = PBXFileReference; lastKnownFileType = sourcecode.swift; path = MessagingPOCTests.swift; sourceTree = "<group>"; };
		02A7759022FC446A000CB7CE /* Info.plist */ = {isa = PBXFileReference; lastKnownFileType = text.plist.xml; path = Info.plist; sourceTree = "<group>"; };
		02A7759522FC446A000CB7CE /* MessagingPOCUITests.xctest */ = {isa = PBXFileReference; explicitFileType = wrapper.cfbundle; includeInIndex = 0; path = MessagingPOCUITests.xctest; sourceTree = BUILT_PRODUCTS_DIR; };
		02A7759922FC446A000CB7CE /* MessagingPOCUITests.swift */ = {isa = PBXFileReference; lastKnownFileType = sourcecode.swift; path = MessagingPOCUITests.swift; sourceTree = "<group>"; };
		02A7759B22FC446A000CB7CE /* Info.plist */ = {isa = PBXFileReference; lastKnownFileType = text.plist.xml; path = Info.plist; sourceTree = "<group>"; };
		02A775A922FC44AA000CB7CE /* ConversationViewController.swift */ = {isa = PBXFileReference; lastKnownFileType = sourcecode.swift; path = ConversationViewController.swift; sourceTree = "<group>"; };
		02A775AB22FC4ACD000CB7CE /* GoogleService-Info.plist */ = {isa = PBXFileReference; fileEncoding = 4; lastKnownFileType = text.plist.xml; path = "GoogleService-Info.plist"; sourceTree = "<group>"; };
		02A775AE22FCAE73000CB7CE /* Collection+SafeIndex.swift */ = {isa = PBXFileReference; fileEncoding = 4; lastKnownFileType = sourcecode.swift; path = "Collection+SafeIndex.swift"; sourceTree = "<group>"; };
		02A775B022FCB0DC000CB7CE /* UIViewController+Storyboard.swift */ = {isa = PBXFileReference; fileEncoding = 4; lastKnownFileType = sourcecode.swift; path = "UIViewController+Storyboard.swift"; sourceTree = "<group>"; };
		0E89D3BC23C6C088EC5F66D1 /* Pods-MessagingPOCTests.release.xcconfig */ = {isa = PBXFileReference; includeInIndex = 1; lastKnownFileType = text.xcconfig; name = "Pods-MessagingPOCTests.release.xcconfig"; path = "Pods/Target Support Files/Pods-MessagingPOCTests/Pods-MessagingPOCTests.release.xcconfig"; sourceTree = "<group>"; };
		1D1529BFE76B4F3B0528AACE /* Pods-MessagingPOCTests.debug.xcconfig */ = {isa = PBXFileReference; includeInIndex = 1; lastKnownFileType = text.xcconfig; name = "Pods-MessagingPOCTests.debug.xcconfig"; path = "Pods/Target Support Files/Pods-MessagingPOCTests/Pods-MessagingPOCTests.debug.xcconfig"; sourceTree = "<group>"; };
		59481075CD4D3AA93563A311 /* Pods-MessagingPOC.release.xcconfig */ = {isa = PBXFileReference; includeInIndex = 1; lastKnownFileType = text.xcconfig; name = "Pods-MessagingPOC.release.xcconfig"; path = "Pods/Target Support Files/Pods-MessagingPOC/Pods-MessagingPOC.release.xcconfig"; sourceTree = "<group>"; };
		7D88D96110AC5802B4197315 /* Pods_MessagingPOCTests.framework */ = {isa = PBXFileReference; explicitFileType = wrapper.framework; includeInIndex = 0; path = Pods_MessagingPOCTests.framework; sourceTree = BUILT_PRODUCTS_DIR; };
		892DFD47A2B7895B96AACCD0 /* Pods-MessagingPOC.debug.xcconfig */ = {isa = PBXFileReference; includeInIndex = 1; lastKnownFileType = text.xcconfig; name = "Pods-MessagingPOC.debug.xcconfig"; path = "Pods/Target Support Files/Pods-MessagingPOC/Pods-MessagingPOC.debug.xcconfig"; sourceTree = "<group>"; };
		E332243A0CADF71F98FBCF0C /* Pods_MessagingPOC.framework */ = {isa = PBXFileReference; explicitFileType = wrapper.framework; includeInIndex = 0; path = Pods_MessagingPOC.framework; sourceTree = BUILT_PRODUCTS_DIR; };
/* End PBXFileReference section */

/* Begin PBXFrameworksBuildPhase section */
		02A7757322FC4469000CB7CE /* Frameworks */ = {
			isa = PBXFrameworksBuildPhase;
			buildActionMask = 2147483647;
			files = (
				FA364E07A050E508ABA60808 /* Pods_MessagingPOC.framework in Frameworks */,
			);
			runOnlyForDeploymentPostprocessing = 0;
		};
		02A7758722FC446A000CB7CE /* Frameworks */ = {
			isa = PBXFrameworksBuildPhase;
			buildActionMask = 2147483647;
			files = (
				CF23C00F80B81958B4C3E1D0 /* Pods_MessagingPOCTests.framework in Frameworks */,
			);
			runOnlyForDeploymentPostprocessing = 0;
		};
		02A7759222FC446A000CB7CE /* Frameworks */ = {
			isa = PBXFrameworksBuildPhase;
			buildActionMask = 2147483647;
			files = (
			);
			runOnlyForDeploymentPostprocessing = 0;
		};
/* End PBXFrameworksBuildPhase section */

/* Begin PBXGroup section */
		02A7756D22FC4469000CB7CE = {
			isa = PBXGroup;
			children = (
				02A7757822FC4469000CB7CE /* MessagingPOC */,
				02A7758D22FC446A000CB7CE /* MessagingPOCTests */,
				02A7759822FC446A000CB7CE /* MessagingPOCUITests */,
				02A7757722FC4469000CB7CE /* Products */,
				3F50C7C207F2838AE7884B71 /* Pods */,
				A240C8D1EF3C3F1D16648732 /* Frameworks */,
			);
			sourceTree = "<group>";
		};
		02A7757722FC4469000CB7CE /* Products */ = {
			isa = PBXGroup;
			children = (
				02A7757622FC4469000CB7CE /* MessagingPOC.app */,
				02A7758A22FC446A000CB7CE /* MessagingPOCTests.xctest */,
				02A7759522FC446A000CB7CE /* MessagingPOCUITests.xctest */,
			);
			name = Products;
			sourceTree = "<group>";
		};
		02A7757822FC4469000CB7CE /* MessagingPOC */ = {
			isa = PBXGroup;
			children = (
				02A775AB22FC4ACD000CB7CE /* GoogleService-Info.plist */,
				02A775A722FC4470000CB7CE /* UI */,
				02A775AD22FCAE30000CB7CE /* Common */,
				02A7757922FC4469000CB7CE /* AppDelegate.swift */,
				02A7757D22FC4469000CB7CE /* Main.storyboard */,
				02A7758022FC446A000CB7CE /* Assets.xcassets */,
				02A7758222FC446A000CB7CE /* LaunchScreen.storyboard */,
				02A7758522FC446A000CB7CE /* Info.plist */,
			);
			path = MessagingPOC;
			sourceTree = "<group>";
		};
		02A7758D22FC446A000CB7CE /* MessagingPOCTests */ = {
			isa = PBXGroup;
			children = (
				02A7758E22FC446A000CB7CE /* MessagingPOCTests.swift */,
				02A7759022FC446A000CB7CE /* Info.plist */,
			);
			path = MessagingPOCTests;
			sourceTree = "<group>";
		};
		02A7759822FC446A000CB7CE /* MessagingPOCUITests */ = {
			isa = PBXGroup;
			children = (
				02A7759922FC446A000CB7CE /* MessagingPOCUITests.swift */,
				02A7759B22FC446A000CB7CE /* Info.plist */,
			);
			path = MessagingPOCUITests;
			sourceTree = "<group>";
		};
		02A775A722FC4470000CB7CE /* UI */ = {
			isa = PBXGroup;
			children = (
				02A7757B22FC4469000CB7CE /* ConversationsViewController.swift */,
				02A775A922FC44AA000CB7CE /* ConversationViewController.swift */,
			);
			path = UI;
			sourceTree = "<group>";
		};
		02A775AD22FCAE30000CB7CE /* Common */ = {
			isa = PBXGroup;
			children = (
				02A775B022FCB0DC000CB7CE /* UIViewController+Storyboard.swift */,
				02A775AE22FCAE73000CB7CE /* Collection+SafeIndex.swift */,
			);
			path = Common;
			sourceTree = "<group>";
		};
		3F50C7C207F2838AE7884B71 /* Pods */ = {
			isa = PBXGroup;
			children = (
				892DFD47A2B7895B96AACCD0 /* Pods-MessagingPOC.debug.xcconfig */,
				59481075CD4D3AA93563A311 /* Pods-MessagingPOC.release.xcconfig */,
				1D1529BFE76B4F3B0528AACE /* Pods-MessagingPOCTests.debug.xcconfig */,
				0E89D3BC23C6C088EC5F66D1 /* Pods-MessagingPOCTests.release.xcconfig */,
			);
			name = Pods;
			sourceTree = "<group>";
		};
		A240C8D1EF3C3F1D16648732 /* Frameworks */ = {
			isa = PBXGroup;
			children = (
				E332243A0CADF71F98FBCF0C /* Pods_MessagingPOC.framework */,
				7D88D96110AC5802B4197315 /* Pods_MessagingPOCTests.framework */,
			);
			name = Frameworks;
			sourceTree = "<group>";
		};
/* End PBXGroup section */

/* Begin PBXNativeTarget section */
		02A7757522FC4469000CB7CE /* MessagingPOC */ = {
			isa = PBXNativeTarget;
			buildConfigurationList = 02A7759E22FC446A000CB7CE /* Build configuration list for PBXNativeTarget "MessagingPOC" */;
			buildPhases = (
				C9EFEFE1EBCBD7B93F75A1EF /* [CP] Check Pods Manifest.lock */,
				02A7757222FC4469000CB7CE /* Sources */,
				02A7757322FC4469000CB7CE /* Frameworks */,
				02A7757422FC4469000CB7CE /* Resources */,
				7ED0F3E3F5E49A69D6803466 /* [CP] Embed Pods Frameworks */,
				BA624283242BD04BA882DA20 /* [CP] Copy Pods Resources */,
			);
			buildRules = (
			);
			dependencies = (
			);
			name = MessagingPOC;
			productName = MessagingPOC;
			productReference = 02A7757622FC4469000CB7CE /* MessagingPOC.app */;
			productType = "com.apple.product-type.application";
		};
		02A7758922FC446A000CB7CE /* MessagingPOCTests */ = {
			isa = PBXNativeTarget;
			buildConfigurationList = 02A775A122FC446A000CB7CE /* Build configuration list for PBXNativeTarget "MessagingPOCTests" */;
			buildPhases = (
				393D90F41481F073792FBFA3 /* [CP] Check Pods Manifest.lock */,
				02A7758622FC446A000CB7CE /* Sources */,
				02A7758722FC446A000CB7CE /* Frameworks */,
				02A7758822FC446A000CB7CE /* Resources */,
			);
			buildRules = (
			);
			dependencies = (
				02A7758C22FC446A000CB7CE /* PBXTargetDependency */,
			);
			name = MessagingPOCTests;
			productName = MessagingPOCTests;
			productReference = 02A7758A22FC446A000CB7CE /* MessagingPOCTests.xctest */;
			productType = "com.apple.product-type.bundle.unit-test";
		};
		02A7759422FC446A000CB7CE /* MessagingPOCUITests */ = {
			isa = PBXNativeTarget;
			buildConfigurationList = 02A775A422FC446A000CB7CE /* Build configuration list for PBXNativeTarget "MessagingPOCUITests" */;
			buildPhases = (
				02A7759122FC446A000CB7CE /* Sources */,
				02A7759222FC446A000CB7CE /* Frameworks */,
				02A7759322FC446A000CB7CE /* Resources */,
			);
			buildRules = (
			);
			dependencies = (
				02A7759722FC446A000CB7CE /* PBXTargetDependency */,
			);
			name = MessagingPOCUITests;
			productName = MessagingPOCUITests;
			productReference = 02A7759522FC446A000CB7CE /* MessagingPOCUITests.xctest */;
			productType = "com.apple.product-type.bundle.ui-testing";
		};
/* End PBXNativeTarget section */

/* Begin PBXProject section */
		02A7756E22FC4469000CB7CE /* Project object */ = {
			isa = PBXProject;
			attributes = {
				LastSwiftUpdateCheck = 1020;
				LastUpgradeCheck = 1020;
				ORGANIZATIONNAME = "Mark Randall";
				TargetAttributes = {
					02A7757522FC4469000CB7CE = {
						CreatedOnToolsVersion = 10.2.1;
					};
					02A7758922FC446A000CB7CE = {
						CreatedOnToolsVersion = 10.2.1;
						TestTargetID = 02A7757522FC4469000CB7CE;
					};
					02A7759422FC446A000CB7CE = {
						CreatedOnToolsVersion = 10.2.1;
						TestTargetID = 02A7757522FC4469000CB7CE;
					};
				};
			};
			buildConfigurationList = 02A7757122FC4469000CB7CE /* Build configuration list for PBXProject "MessagingPOC" */;
			compatibilityVersion = "Xcode 9.3";
			developmentRegion = en;
			hasScannedForEncodings = 0;
			knownRegions = (
				en,
				Base,
			);
			mainGroup = 02A7756D22FC4469000CB7CE;
			productRefGroup = 02A7757722FC4469000CB7CE /* Products */;
			projectDirPath = "";
			projectRoot = "";
			targets = (
				02A7757522FC4469000CB7CE /* MessagingPOC */,
				02A7758922FC446A000CB7CE /* MessagingPOCTests */,
				02A7759422FC446A000CB7CE /* MessagingPOCUITests */,
			);
		};
/* End PBXProject section */

/* Begin PBXResourcesBuildPhase section */
		02A7757422FC4469000CB7CE /* Resources */ = {
			isa = PBXResourcesBuildPhase;
			buildActionMask = 2147483647;
			files = (
				02A7758422FC446A000CB7CE /* LaunchScreen.storyboard in Resources */,
				02A775AC22FC4ACD000CB7CE /* GoogleService-Info.plist in Resources */,
				02A7758122FC446A000CB7CE /* Assets.xcassets in Resources */,
				02A7757F22FC4469000CB7CE /* Main.storyboard in Resources */,
			);
			runOnlyForDeploymentPostprocessing = 0;
		};
		02A7758822FC446A000CB7CE /* Resources */ = {
			isa = PBXResourcesBuildPhase;
			buildActionMask = 2147483647;
			files = (
			);
			runOnlyForDeploymentPostprocessing = 0;
		};
		02A7759322FC446A000CB7CE /* Resources */ = {
			isa = PBXResourcesBuildPhase;
			buildActionMask = 2147483647;
			files = (
			);
			runOnlyForDeploymentPostprocessing = 0;
		};
/* End PBXResourcesBuildPhase section */

/* Begin PBXShellScriptBuildPhase section */
		393D90F41481F073792FBFA3 /* [CP] Check Pods Manifest.lock */ = {
			isa = PBXShellScriptBuildPhase;
			buildActionMask = 2147483647;
			files = (
			);
			inputFileListPaths = (
			);
			inputPaths = (
				"${PODS_PODFILE_DIR_PATH}/Podfile.lock",
				"${PODS_ROOT}/Manifest.lock",
			);
			name = "[CP] Check Pods Manifest.lock";
			outputFileListPaths = (
			);
			outputPaths = (
				"$(DERIVED_FILE_DIR)/Pods-MessagingPOCTests-checkManifestLockResult.txt",
			);
			runOnlyForDeploymentPostprocessing = 0;
			shellPath = /bin/sh;
			shellScript = "diff \"${PODS_PODFILE_DIR_PATH}/Podfile.lock\" \"${PODS_ROOT}/Manifest.lock\" > /dev/null\nif [ $? != 0 ] ; then\n    # print error to STDERR\n    echo \"error: The sandbox is not in sync with the Podfile.lock. Run 'pod install' or update your CocoaPods installation.\" >&2\n    exit 1\nfi\n# This output is used by Xcode 'outputs' to avoid re-running this script phase.\necho \"SUCCESS\" > \"${SCRIPT_OUTPUT_FILE_0}\"\n";
			showEnvVarsInLog = 0;
		};
		7ED0F3E3F5E49A69D6803466 /* [CP] Embed Pods Frameworks */ = {
			isa = PBXShellScriptBuildPhase;
			buildActionMask = 2147483647;
			files = (
			);
			inputFileListPaths = (
			);
			inputPaths = (
				"${SRCROOT}/Pods/Target Support Files/Pods-MessagingPOC/Pods-MessagingPOC-frameworks.sh",
				"${BUILT_PRODUCTS_DIR}/BoringSSL-GRPC/openssl_grpc.framework",
				"${BUILT_PRODUCTS_DIR}/GTMSessionFetcher/GTMSessionFetcher.framework",
				"${BUILT_PRODUCTS_DIR}/GoogleToolboxForMac/GoogleToolboxForMac.framework",
				"${BUILT_PRODUCTS_DIR}/GoogleUtilities/GoogleUtilities.framework",
				"${BUILT_PRODUCTS_DIR}/Protobuf/Protobuf.framework",
				"${BUILT_PRODUCTS_DIR}/gRPC-C++/grpcpp.framework",
				"${BUILT_PRODUCTS_DIR}/gRPC-Core/grpc.framework",
				"${BUILT_PRODUCTS_DIR}/leveldb-library/leveldb.framework",
				"${BUILT_PRODUCTS_DIR}/nanopb/nanopb.framework",
			);
			name = "[CP] Embed Pods Frameworks";
			outputFileListPaths = (
			);
			outputPaths = (
				"${TARGET_BUILD_DIR}/${FRAMEWORKS_FOLDER_PATH}/openssl_grpc.framework",
				"${TARGET_BUILD_DIR}/${FRAMEWORKS_FOLDER_PATH}/GTMSessionFetcher.framework",
				"${TARGET_BUILD_DIR}/${FRAMEWORKS_FOLDER_PATH}/GoogleToolboxForMac.framework",
				"${TARGET_BUILD_DIR}/${FRAMEWORKS_FOLDER_PATH}/GoogleUtilities.framework",
				"${TARGET_BUILD_DIR}/${FRAMEWORKS_FOLDER_PATH}/Protobuf.framework",
				"${TARGET_BUILD_DIR}/${FRAMEWORKS_FOLDER_PATH}/grpcpp.framework",
				"${TARGET_BUILD_DIR}/${FRAMEWORKS_FOLDER_PATH}/grpc.framework",
				"${TARGET_BUILD_DIR}/${FRAMEWORKS_FOLDER_PATH}/leveldb.framework",
				"${TARGET_BUILD_DIR}/${FRAMEWORKS_FOLDER_PATH}/nanopb.framework",
			);
			runOnlyForDeploymentPostprocessing = 0;
			shellPath = /bin/sh;
			shellScript = "\"${SRCROOT}/Pods/Target Support Files/Pods-MessagingPOC/Pods-MessagingPOC-frameworks.sh\"\n";
			showEnvVarsInLog = 0;
		};
		BA624283242BD04BA882DA20 /* [CP] Copy Pods Resources */ = {
			isa = PBXShellScriptBuildPhase;
			buildActionMask = 2147483647;
			files = (
			);
			inputFileListPaths = (
			);
			inputPaths = (
				"${SRCROOT}/Pods/Target Support Files/Pods-MessagingPOC/Pods-MessagingPOC-resources.sh",
				"${PODS_CONFIGURATION_BUILD_DIR}/FirebaseUI/FirebaseAuthUI.bundle",
				"${PODS_CONFIGURATION_BUILD_DIR}/FirebaseUI/FirebaseEmailAuthUI.bundle",
				"${PODS_CONFIGURATION_BUILD_DIR}/FirebaseUI/FirebaseGoogleAuthUI.bundle",
				"${PODS_ROOT}/GoogleSignIn/Resources/GoogleSignIn.bundle",
			);
			name = "[CP] Copy Pods Resources";
			outputFileListPaths = (
			);
			outputPaths = (
				"${TARGET_BUILD_DIR}/${UNLOCALIZED_RESOURCES_FOLDER_PATH}/FirebaseAuthUI.bundle",
				"${TARGET_BUILD_DIR}/${UNLOCALIZED_RESOURCES_FOLDER_PATH}/FirebaseEmailAuthUI.bundle",
				"${TARGET_BUILD_DIR}/${UNLOCALIZED_RESOURCES_FOLDER_PATH}/FirebaseGoogleAuthUI.bundle",
				"${TARGET_BUILD_DIR}/${UNLOCALIZED_RESOURCES_FOLDER_PATH}/GoogleSignIn.bundle",
			);
			runOnlyForDeploymentPostprocessing = 0;
			shellPath = /bin/sh;
			shellScript = "\"${SRCROOT}/Pods/Target Support Files/Pods-MessagingPOC/Pods-MessagingPOC-resources.sh\"\n";
			showEnvVarsInLog = 0;
		};
		C9EFEFE1EBCBD7B93F75A1EF /* [CP] Check Pods Manifest.lock */ = {
			isa = PBXShellScriptBuildPhase;
			buildActionMask = 2147483647;
			files = (
			);
			inputFileListPaths = (
			);
			inputPaths = (
				"${PODS_PODFILE_DIR_PATH}/Podfile.lock",
				"${PODS_ROOT}/Manifest.lock",
			);
			name = "[CP] Check Pods Manifest.lock";
			outputFileListPaths = (
			);
			outputPaths = (
				"$(DERIVED_FILE_DIR)/Pods-MessagingPOC-checkManifestLockResult.txt",
			);
			runOnlyForDeploymentPostprocessing = 0;
			shellPath = /bin/sh;
			shellScript = "diff \"${PODS_PODFILE_DIR_PATH}/Podfile.lock\" \"${PODS_ROOT}/Manifest.lock\" > /dev/null\nif [ $? != 0 ] ; then\n    # print error to STDERR\n    echo \"error: The sandbox is not in sync with the Podfile.lock. Run 'pod install' or update your CocoaPods installation.\" >&2\n    exit 1\nfi\n# This output is used by Xcode 'outputs' to avoid re-running this script phase.\necho \"SUCCESS\" > \"${SCRIPT_OUTPUT_FILE_0}\"\n";
			showEnvVarsInLog = 0;
		};
/* End PBXShellScriptBuildPhase section */

/* Begin PBXSourcesBuildPhase section */
		02A7757222FC4469000CB7CE /* Sources */ = {
			isa = PBXSourcesBuildPhase;
			buildActionMask = 2147483647;
			files = (
				02A7757C22FC4469000CB7CE /* ConversationsViewController.swift in Sources */,
				02A7757A22FC4469000CB7CE /* AppDelegate.swift in Sources */,
				02A775AA22FC44AA000CB7CE /* ConversationViewController.swift in Sources */,
				02A775B122FCB0DC000CB7CE /* UIViewController+Storyboard.swift in Sources */,
				02A775AF22FCAE73000CB7CE /* Collection+SafeIndex.swift in Sources */,
			);
			runOnlyForDeploymentPostprocessing = 0;
		};
		02A7758622FC446A000CB7CE /* Sources */ = {
			isa = PBXSourcesBuildPhase;
			buildActionMask = 2147483647;
			files = (
				02A7758F22FC446A000CB7CE /* MessagingPOCTests.swift in Sources */,
			);
			runOnlyForDeploymentPostprocessing = 0;
		};
		02A7759122FC446A000CB7CE /* Sources */ = {
			isa = PBXSourcesBuildPhase;
			buildActionMask = 2147483647;
			files = (
				02A7759A22FC446A000CB7CE /* MessagingPOCUITests.swift in Sources */,
			);
			runOnlyForDeploymentPostprocessing = 0;
		};
/* End PBXSourcesBuildPhase section */

/* Begin PBXTargetDependency section */
		02A7758C22FC446A000CB7CE /* PBXTargetDependency */ = {
			isa = PBXTargetDependency;
			target = 02A7757522FC4469000CB7CE /* MessagingPOC */;
			targetProxy = 02A7758B22FC446A000CB7CE /* PBXContainerItemProxy */;
		};
		02A7759722FC446A000CB7CE /* PBXTargetDependency */ = {
			isa = PBXTargetDependency;
			target = 02A7757522FC4469000CB7CE /* MessagingPOC */;
			targetProxy = 02A7759622FC446A000CB7CE /* PBXContainerItemProxy */;
		};
/* End PBXTargetDependency section */

/* Begin PBXVariantGroup section */
		02A7757D22FC4469000CB7CE /* Main.storyboard */ = {
			isa = PBXVariantGroup;
			children = (
				02A7757E22FC4469000CB7CE /* Base */,
			);
			name = Main.storyboard;
			sourceTree = "<group>";
		};
		02A7758222FC446A000CB7CE /* LaunchScreen.storyboard */ = {
			isa = PBXVariantGroup;
			children = (
				02A7758322FC446A000CB7CE /* Base */,
			);
			name = LaunchScreen.storyboard;
			sourceTree = "<group>";
		};
/* End PBXVariantGroup section */

/* Begin XCBuildConfiguration section */
		02A7759C22FC446A000CB7CE /* Debug */ = {
			isa = XCBuildConfiguration;
			buildSettings = {
				ALWAYS_SEARCH_USER_PATHS = NO;
				CLANG_ANALYZER_NONNULL = YES;
				CLANG_ANALYZER_NUMBER_OBJECT_CONVERSION = YES_AGGRESSIVE;
				CLANG_CXX_LANGUAGE_STANDARD = "gnu++14";
				CLANG_CXX_LIBRARY = "libc++";
				CLANG_ENABLE_MODULES = YES;
				CLANG_ENABLE_OBJC_ARC = YES;
				CLANG_ENABLE_OBJC_WEAK = YES;
				CLANG_WARN_BLOCK_CAPTURE_AUTORELEASING = YES;
				CLANG_WARN_BOOL_CONVERSION = YES;
				CLANG_WARN_COMMA = YES;
				CLANG_WARN_CONSTANT_CONVERSION = YES;
				CLANG_WARN_DEPRECATED_OBJC_IMPLEMENTATIONS = YES;
				CLANG_WARN_DIRECT_OBJC_ISA_USAGE = YES_ERROR;
				CLANG_WARN_DOCUMENTATION_COMMENTS = YES;
				CLANG_WARN_EMPTY_BODY = YES;
				CLANG_WARN_ENUM_CONVERSION = YES;
				CLANG_WARN_INFINITE_RECURSION = YES;
				CLANG_WARN_INT_CONVERSION = YES;
				CLANG_WARN_NON_LITERAL_NULL_CONVERSION = YES;
				CLANG_WARN_OBJC_IMPLICIT_RETAIN_SELF = YES;
				CLANG_WARN_OBJC_LITERAL_CONVERSION = YES;
				CLANG_WARN_OBJC_ROOT_CLASS = YES_ERROR;
				CLANG_WARN_RANGE_LOOP_ANALYSIS = YES;
				CLANG_WARN_STRICT_PROTOTYPES = YES;
				CLANG_WARN_SUSPICIOUS_MOVE = YES;
				CLANG_WARN_UNGUARDED_AVAILABILITY = YES_AGGRESSIVE;
				CLANG_WARN_UNREACHABLE_CODE = YES;
				CLANG_WARN__DUPLICATE_METHOD_MATCH = YES;
				CODE_SIGN_IDENTITY = "iPhone Developer";
				COPY_PHASE_STRIP = NO;
				DEBUG_INFORMATION_FORMAT = dwarf;
				ENABLE_STRICT_OBJC_MSGSEND = YES;
				ENABLE_TESTABILITY = YES;
				GCC_C_LANGUAGE_STANDARD = gnu11;
				GCC_DYNAMIC_NO_PIC = NO;
				GCC_NO_COMMON_BLOCKS = YES;
				GCC_OPTIMIZATION_LEVEL = 0;
				GCC_PREPROCESSOR_DEFINITIONS = (
					"DEBUG=1",
					"$(inherited)",
				);
				GCC_WARN_64_TO_32_BIT_CONVERSION = YES;
				GCC_WARN_ABOUT_RETURN_TYPE = YES_ERROR;
				GCC_WARN_UNDECLARED_SELECTOR = YES;
				GCC_WARN_UNINITIALIZED_AUTOS = YES_AGGRESSIVE;
				GCC_WARN_UNUSED_FUNCTION = YES;
				GCC_WARN_UNUSED_VARIABLE = YES;
				IPHONEOS_DEPLOYMENT_TARGET = 12.2;
				MTL_ENABLE_DEBUG_INFO = INCLUDE_SOURCE;
				MTL_FAST_MATH = YES;
				ONLY_ACTIVE_ARCH = YES;
				SDKROOT = iphoneos;
				SWIFT_ACTIVE_COMPILATION_CONDITIONS = DEBUG;
				SWIFT_OPTIMIZATION_LEVEL = "-Onone";
			};
			name = Debug;
		};
		02A7759D22FC446A000CB7CE /* Release */ = {
			isa = XCBuildConfiguration;
			buildSettings = {
				ALWAYS_SEARCH_USER_PATHS = NO;
				CLANG_ANALYZER_NONNULL = YES;
				CLANG_ANALYZER_NUMBER_OBJECT_CONVERSION = YES_AGGRESSIVE;
				CLANG_CXX_LANGUAGE_STANDARD = "gnu++14";
				CLANG_CXX_LIBRARY = "libc++";
				CLANG_ENABLE_MODULES = YES;
				CLANG_ENABLE_OBJC_ARC = YES;
				CLANG_ENABLE_OBJC_WEAK = YES;
				CLANG_WARN_BLOCK_CAPTURE_AUTORELEASING = YES;
				CLANG_WARN_BOOL_CONVERSION = YES;
				CLANG_WARN_COMMA = YES;
				CLANG_WARN_CONSTANT_CONVERSION = YES;
				CLANG_WARN_DEPRECATED_OBJC_IMPLEMENTATIONS = YES;
				CLANG_WARN_DIRECT_OBJC_ISA_USAGE = YES_ERROR;
				CLANG_WARN_DOCUMENTATION_COMMENTS = YES;
				CLANG_WARN_EMPTY_BODY = YES;
				CLANG_WARN_ENUM_CONVERSION = YES;
				CLANG_WARN_INFINITE_RECURSION = YES;
				CLANG_WARN_INT_CONVERSION = YES;
				CLANG_WARN_NON_LITERAL_NULL_CONVERSION = YES;
				CLANG_WARN_OBJC_IMPLICIT_RETAIN_SELF = YES;
				CLANG_WARN_OBJC_LITERAL_CONVERSION = YES;
				CLANG_WARN_OBJC_ROOT_CLASS = YES_ERROR;
				CLANG_WARN_RANGE_LOOP_ANALYSIS = YES;
				CLANG_WARN_STRICT_PROTOTYPES = YES;
				CLANG_WARN_SUSPICIOUS_MOVE = YES;
				CLANG_WARN_UNGUARDED_AVAILABILITY = YES_AGGRESSIVE;
				CLANG_WARN_UNREACHABLE_CODE = YES;
				CLANG_WARN__DUPLICATE_METHOD_MATCH = YES;
				CODE_SIGN_IDENTITY = "iPhone Developer";
				COPY_PHASE_STRIP = NO;
				DEBUG_INFORMATION_FORMAT = "dwarf-with-dsym";
				ENABLE_NS_ASSERTIONS = NO;
				ENABLE_STRICT_OBJC_MSGSEND = YES;
				GCC_C_LANGUAGE_STANDARD = gnu11;
				GCC_NO_COMMON_BLOCKS = YES;
				GCC_WARN_64_TO_32_BIT_CONVERSION = YES;
				GCC_WARN_ABOUT_RETURN_TYPE = YES_ERROR;
				GCC_WARN_UNDECLARED_SELECTOR = YES;
				GCC_WARN_UNINITIALIZED_AUTOS = YES_AGGRESSIVE;
				GCC_WARN_UNUSED_FUNCTION = YES;
				GCC_WARN_UNUSED_VARIABLE = YES;
				IPHONEOS_DEPLOYMENT_TARGET = 12.2;
				MTL_ENABLE_DEBUG_INFO = NO;
				MTL_FAST_MATH = YES;
				SDKROOT = iphoneos;
				SWIFT_COMPILATION_MODE = wholemodule;
				SWIFT_OPTIMIZATION_LEVEL = "-O";
				VALIDATE_PRODUCT = YES;
			};
			name = Release;
		};
		02A7759F22FC446A000CB7CE /* Debug */ = {
			isa = XCBuildConfiguration;
			baseConfigurationReference = 892DFD47A2B7895B96AACCD0 /* Pods-MessagingPOC.debug.xcconfig */;
			buildSettings = {
				ASSETCATALOG_COMPILER_APPICON_NAME = AppIcon;
				CODE_SIGN_STYLE = Automatic;
				DEVELOPMENT_TEAM = U2ZKB248CQ;
				INFOPLIST_FILE = MessagingPOC/Info.plist;
				LD_RUNPATH_SEARCH_PATHS = (
					"$(inherited)",
					"@executable_path/Frameworks",
				);
				PRODUCT_BUNDLE_IDENTIFIER = com.mrandall.MessagingPOC;
				PRODUCT_NAME = "$(TARGET_NAME)";
				SWIFT_VERSION = 5.0;
				TARGETED_DEVICE_FAMILY = "1,2";
			};
			name = Debug;
		};
		02A775A022FC446A000CB7CE /* Release */ = {
			isa = XCBuildConfiguration;
			baseConfigurationReference = 59481075CD4D3AA93563A311 /* Pods-MessagingPOC.release.xcconfig */;
			buildSettings = {
				ASSETCATALOG_COMPILER_APPICON_NAME = AppIcon;
				CODE_SIGN_STYLE = Automatic;
				DEVELOPMENT_TEAM = U2ZKB248CQ;
				INFOPLIST_FILE = MessagingPOC/Info.plist;
				LD_RUNPATH_SEARCH_PATHS = (
					"$(inherited)",
					"@executable_path/Frameworks",
				);
				PRODUCT_BUNDLE_IDENTIFIER = com.mrandall.MessagingPOC;
				PRODUCT_NAME = "$(TARGET_NAME)";
				SWIFT_VERSION = 5.0;
				TARGETED_DEVICE_FAMILY = "1,2";
			};
			name = Release;
		};
		02A775A222FC446A000CB7CE /* Debug */ = {
			isa = XCBuildConfiguration;
			baseConfigurationReference = 1D1529BFE76B4F3B0528AACE /* Pods-MessagingPOCTests.debug.xcconfig */;
			buildSettings = {
				ALWAYS_EMBED_SWIFT_STANDARD_LIBRARIES = YES;
				BUNDLE_LOADER = "$(TEST_HOST)";
				CODE_SIGN_STYLE = Automatic;
				DEVELOPMENT_TEAM = U2ZKB248CQ;
				INFOPLIST_FILE = MessagingPOCTests/Info.plist;
				LD_RUNPATH_SEARCH_PATHS = (
					"$(inherited)",
					"@executable_path/Frameworks",
					"@loader_path/Frameworks",
				);
				PRODUCT_BUNDLE_IDENTIFIER = com.mrandall.MessagingPOCTests;
				PRODUCT_NAME = "$(TARGET_NAME)";
				SWIFT_VERSION = 5.0;
				TARGETED_DEVICE_FAMILY = "1,2";
				TEST_HOST = "$(BUILT_PRODUCTS_DIR)/MessagingPOC.app/MessagingPOC";
			};
			name = Debug;
		};
		02A775A322FC446A000CB7CE /* Release */ = {
			isa = XCBuildConfiguration;
			baseConfigurationReference = 0E89D3BC23C6C088EC5F66D1 /* Pods-MessagingPOCTests.release.xcconfig */;
			buildSettings = {
				ALWAYS_EMBED_SWIFT_STANDARD_LIBRARIES = YES;
				BUNDLE_LOADER = "$(TEST_HOST)";
				CODE_SIGN_STYLE = Automatic;
				DEVELOPMENT_TEAM = U2ZKB248CQ;
				INFOPLIST_FILE = MessagingPOCTests/Info.plist;
				LD_RUNPATH_SEARCH_PATHS = (
					"$(inherited)",
					"@executable_path/Frameworks",
					"@loader_path/Frameworks",
				);
				PRODUCT_BUNDLE_IDENTIFIER = com.mrandall.MessagingPOCTests;
				PRODUCT_NAME = "$(TARGET_NAME)";
				SWIFT_VERSION = 5.0;
				TARGETED_DEVICE_FAMILY = "1,2";
				TEST_HOST = "$(BUILT_PRODUCTS_DIR)/MessagingPOC.app/MessagingPOC";
			};
			name = Release;
		};
		02A775A522FC446A000CB7CE /* Debug */ = {
			isa = XCBuildConfiguration;
			buildSettings = {
				ALWAYS_EMBED_SWIFT_STANDARD_LIBRARIES = YES;
				CODE_SIGN_STYLE = Automatic;
				DEVELOPMENT_TEAM = U2ZKB248CQ;
				INFOPLIST_FILE = MessagingPOCUITests/Info.plist;
				LD_RUNPATH_SEARCH_PATHS = (
					"$(inherited)",
					"@executable_path/Frameworks",
					"@loader_path/Frameworks",
				);
				PRODUCT_BUNDLE_IDENTIFIER = com.mrandall.MessagingPOCUITests;
				PRODUCT_NAME = "$(TARGET_NAME)";
				SWIFT_VERSION = 5.0;
				TARGETED_DEVICE_FAMILY = "1,2";
				TEST_TARGET_NAME = MessagingPOC;
			};
			name = Debug;
		};
		02A775A622FC446A000CB7CE /* Release */ = {
			isa = XCBuildConfiguration;
			buildSettings = {
				ALWAYS_EMBED_SWIFT_STANDARD_LIBRARIES = YES;
				CODE_SIGN_STYLE = Automatic;
				DEVELOPMENT_TEAM = U2ZKB248CQ;
				INFOPLIST_FILE = MessagingPOCUITests/Info.plist;
				LD_RUNPATH_SEARCH_PATHS = (
					"$(inherited)",
					"@executable_path/Frameworks",
					"@loader_path/Frameworks",
				);
				PRODUCT_BUNDLE_IDENTIFIER = com.mrandall.MessagingPOCUITests;
				PRODUCT_NAME = "$(TARGET_NAME)";
				SWIFT_VERSION = 5.0;
				TARGETED_DEVICE_FAMILY = "1,2";
				TEST_TARGET_NAME = MessagingPOC;
			};
			name = Release;
		};
/* End XCBuildConfiguration section */

/* Begin XCConfigurationList section */
		02A7757122FC4469000CB7CE /* Build configuration list for PBXProject "MessagingPOC" */ = {
			isa = XCConfigurationList;
			buildConfigurations = (
				02A7759C22FC446A000CB7CE /* Debug */,
				02A7759D22FC446A000CB7CE /* Release */,
			);
			defaultConfigurationIsVisible = 0;
			defaultConfigurationName = Release;
		};
		02A7759E22FC446A000CB7CE /* Build configuration list for PBXNativeTarget "MessagingPOC" */ = {
			isa = XCConfigurationList;
			buildConfigurations = (
				02A7759F22FC446A000CB7CE /* Debug */,
				02A775A022FC446A000CB7CE /* Release */,
			);
			defaultConfigurationIsVisible = 0;
			defaultConfigurationName = Release;
		};
		02A775A122FC446A000CB7CE /* Build configuration list for PBXNativeTarget "MessagingPOCTests" */ = {
			isa = XCConfigurationList;
			buildConfigurations = (
				02A775A222FC446A000CB7CE /* Debug */,
				02A775A322FC446A000CB7CE /* Release */,
			);
			defaultConfigurationIsVisible = 0;
			defaultConfigurationName = Release;
		};
		02A775A422FC446A000CB7CE /* Build configuration list for PBXNativeTarget "MessagingPOCUITests" */ = {
			isa = XCConfigurationList;
			buildConfigurations = (
				02A775A522FC446A000CB7CE /* Debug */,
				02A775A622FC446A000CB7CE /* Release */,
			);
			defaultConfigurationIsVisible = 0;
			defaultConfigurationName = Release;
		};
/* End XCConfigurationList section */
	};
	rootObject = 02A7756E22FC4469000CB7CE /* Project object */;
}
